
Microsoft Visual Studio Solution File, Format Version 12.00
# Visual Studio Version 17
VisualStudioVersion = 17.11.35327.3
MinimumVisualStudioVersion = 10.0.40219.1
Project("{FAE04EC0-301F-11D3-BF4B-00C04F79EFBC}") = "WebApplication2", "WebApplication2\WebApplication2.csproj", "{2880785A-B5C1-40DB-80EB-AFB882D0A2EB}"
EndProject
Global
	GlobalSection(SolutionConfigurationPlatforms) = preSolution
		Debug|Any CPU = Debug|Any CPU
		Release|Any CPU = Release|Any CPU
	EndGlobalSection
	GlobalSection(ProjectConfigurationPlatforms) = postSolution
		{2880785A-B5C1-40DB-80EB-AFB882D0A2EB}.Debug|Any CPU.ActiveCfg = Debug|Any CPU
		{2880785A-B5C1-40DB-80EB-AFB882D0A2EB}.Debug|Any CPU.Build.0 = Debug|Any CPU
		{2880785A-B5C1-40DB-80EB-AFB882D0A2EB}.Release|Any CPU.ActiveCfg = Release|Any CPU
		{2880785A-B5C1-40DB-80EB-AFB882D0A2EB}.Release|Any CPU.Build.0 = Release|Any CPU
	EndGlobalSection
	GlobalSection(SolutionProperties) = preSolution
		HideSolutionNode = FALSE
	EndGlobalSection
	GlobalSection(ExtensibilityGlobals) = postSolution
		SolutionGuid = {8613BE10-554B-4376-829E-F4BC10C54D06}
	EndGlobalSection
EndGlobal
